
Microsoft Visual Studio Solution File, Format Version 12.00
# Visual Studio Version 17
VisualStudioVersion = 17.5.33502.453
MinimumVisualStudioVersion = 10.0.40219.1
Project("{9A19103F-16F7-4668-BE54-9A1E7A4F7556}") = "Login", "Login\Login.csproj", "{039B593F-EB34-4022-A2DA-5CAACC565D12}"
EndProject
Project("{9A19103F-16F7-4668-BE54-9A1E7A4F7556}") = "Application Layer", "Application Layer\Application Layer.csproj", "{0529B1FF-92F0-4393-ACF3-259D64FA6399}"
EndProject
Project("{9A19103F-16F7-4668-BE54-9A1E7A4F7556}") = "Infrastructure Layer", "Infrastructure Layer\Infrastructure Layer.csproj", "{28687B96-ACBD-434F-AF04-E56030D32F53}"
EndProject
Project("{9A19103F-16F7-4668-BE54-9A1E7A4F7556}") = "Domain", "Domain\Domain.csproj", "{7916915D-2756-41BD-8E69-DB9D129B6980}"
EndProject
Global
	GlobalSection(SolutionConfigurationPlatforms) = preSolution
		Debug|Any CPU = Debug|Any CPU
		Release|Any CPU = Release|Any CPU
	EndGlobalSection
	GlobalSection(ProjectConfigurationPlatforms) = postSolution
		{039B593F-EB34-4022-A2DA-5CAACC565D12}.Debug|Any CPU.ActiveCfg = Debug|Any CPU
		{039B593F-EB34-4022-A2DA-5CAACC565D12}.Debug|Any CPU.Build.0 = Debug|Any CPU
		{039B593F-EB34-4022-A2DA-5CAACC565D12}.Release|Any CPU.ActiveCfg = Release|Any CPU
		{039B593F-EB34-4022-A2DA-5CAACC565D12}.Release|Any CPU.Build.0 = Release|Any CPU
		{0529B1FF-92F0-4393-ACF3-259D64FA6399}.Debug|Any CPU.ActiveCfg = Debug|Any CPU
		{0529B1FF-92F0-4393-ACF3-259D64FA6399}.Debug|Any CPU.Build.0 = Debug|Any CPU
		{0529B1FF-92F0-4393-ACF3-259D64FA6399}.Release|Any CPU.ActiveCfg = Release|Any CPU
		{0529B1FF-92F0-4393-ACF3-259D64FA6399}.Release|Any CPU.Build.0 = Release|Any CPU
		{28687B96-ACBD-434F-AF04-E56030D32F53}.Debug|Any CPU.ActiveCfg = Debug|Any CPU
		{28687B96-ACBD-434F-AF04-E56030D32F53}.Debug|Any CPU.Build.0 = Debug|Any CPU
		{28687B96-ACBD-434F-AF04-E56030D32F53}.Release|Any CPU.ActiveCfg = Release|Any CPU
		{28687B96-ACBD-434F-AF04-E56030D32F53}.Release|Any CPU.Build.0 = Release|Any CPU
		{7916915D-2756-41BD-8E69-DB9D129B6980}.Debug|Any CPU.ActiveCfg = Debug|Any CPU
		{7916915D-2756-41BD-8E69-DB9D129B6980}.Debug|Any CPU.Build.0 = Debug|Any CPU
		{7916915D-2756-41BD-8E69-DB9D129B6980}.Release|Any CPU.ActiveCfg = Release|Any CPU
		{7916915D-2756-41BD-8E69-DB9D129B6980}.Release|Any CPU.Build.0 = Release|Any CPU
	EndGlobalSection
	GlobalSection(SolutionProperties) = preSolution
		HideSolutionNode = FALSE
	EndGlobalSection
	GlobalSection(ExtensibilityGlobals) = postSolution
		SolutionGuid = {95282C04-DAE0-4BE1-83BE-2944C10B4397}
	EndGlobalSection
EndGlobal
